// !$*UTF8*$!
{
	archiveVersion = 1;
	classes = {
	};
	objectVersion = 50;
	objects = {

/* Begin PBXBuildFile section */
		D9252A2525AA2B2B00B3A1A9 /* URLSession+Extension.swift in Sources */ = {isa = PBXBuildFile; fileRef = D9252A2425AA2B2B00B3A1A9 /* URLSession+Extension.swift */; };
		D9252A3025AA2ED900B3A1A9 /* LaunchScreen.storyboard in Resources */ = {isa = PBXBuildFile; fileRef = D9252A2F25AA2ED900B3A1A9 /* LaunchScreen.storyboard */; };
		D95D68F725AA171100F4124A /* AppDelegate.swift in Sources */ = {isa = PBXBuildFile; fileRef = D95D68F625AA171100F4124A /* AppDelegate.swift */; };
		D95D68F925AA171200F4124A /* SceneDelegate.swift in Sources */ = {isa = PBXBuildFile; fileRef = D95D68F825AA171200F4124A /* SceneDelegate.swift */; };
		D95D68FB25AA171200F4124A /* ViewController.swift in Sources */ = {isa = PBXBuildFile; fileRef = D95D68FA25AA171200F4124A /* ViewController.swift */; };
		D95D690125AA171200F4124A /* GuiaBolso.xcdatamodeld in Sources */ = {isa = PBXBuildFile; fileRef = D95D68FF25AA171200F4124A /* GuiaBolso.xcdatamodeld */; };
		D95D690325AA171400F4124A /* Assets.xcassets in Resources */ = {isa = PBXBuildFile; fileRef = D95D690225AA171400F4124A /* Assets.xcassets */; };
		D95D691125AA171400F4124A /* GuiaBolsoTests.swift in Sources */ = {isa = PBXBuildFile; fileRef = D95D691025AA171400F4124A /* GuiaBolsoTests.swift */; };
		D95D691C25AA171400F4124A /* GuiaBolsoUITests.swift in Sources */ = {isa = PBXBuildFile; fileRef = D95D691B25AA171400F4124A /* GuiaBolsoUITests.swift */; };
		D95D693725AA234900F4124A /* Coordinator.swift in Sources */ = {isa = PBXBuildFile; fileRef = D95D693625AA234900F4124A /* Coordinator.swift */; };
		D95D693F25AA242500F4124A /* CategorySelectorService.swift in Sources */ = {isa = PBXBuildFile; fileRef = D95D693E25AA242500F4124A /* CategorySelectorService.swift */; };
		D95D694825AA250F00F4124A /* NetworkService.swift in Sources */ = {isa = PBXBuildFile; fileRef = D95D694725AA250F00F4124A /* NetworkService.swift */; };
		D95D695025AA259300F4124A /* RequestError.swift in Sources */ = {isa = PBXBuildFile; fileRef = D95D694F25AA259300F4124A /* RequestError.swift */; };
		D95D695525AA268300F4124A /* ChucknorrisAPI.swift in Sources */ = {isa = PBXBuildFile; fileRef = D95D695425AA268300F4124A /* ChucknorrisAPI.swift */; };
		D95D695A25AA282B00F4124A /* RequestManager.swift in Sources */ = {isa = PBXBuildFile; fileRef = D95D695925AA282B00F4124A /* RequestManager.swift */; };
		D95D696025AA299D00F4124A /* ErrorHandler.swift in Sources */ = {isa = PBXBuildFile; fileRef = D95D695F25AA299D00F4124A /* ErrorHandler.swift */; };
		D95D696A25AA29DE00F4124A /* UIAlert+Extension.swift in Sources */ = {isa = PBXBuildFile; fileRef = D95D696925AA29DE00F4124A /* UIAlert+Extension.swift */; };
/* End PBXBuildFile section */

/* Begin PBXContainerItemProxy section */
		D95D690D25AA171400F4124A /* PBXContainerItemProxy */ = {
			isa = PBXContainerItemProxy;
			containerPortal = D95D68EB25AA171100F4124A /* Project object */;
			proxyType = 1;
			remoteGlobalIDString = D95D68F225AA171100F4124A;
			remoteInfo = GuiaBolso;
		};
		D95D691825AA171400F4124A /* PBXContainerItemProxy */ = {
			isa = PBXContainerItemProxy;
			containerPortal = D95D68EB25AA171100F4124A /* Project object */;
			proxyType = 1;
			remoteGlobalIDString = D95D68F225AA171100F4124A;
			remoteInfo = GuiaBolso;
		};
/* End PBXContainerItemProxy section */

/* Begin PBXFileReference section */
		D9252A2425AA2B2B00B3A1A9 /* URLSession+Extension.swift */ = {isa = PBXFileReference; lastKnownFileType = sourcecode.swift; path = "URLSession+Extension.swift"; sourceTree = "<group>"; };
		D9252A2F25AA2ED900B3A1A9 /* LaunchScreen.storyboard */ = {isa = PBXFileReference; fileEncoding = 4; lastKnownFileType = file.storyboard; path = LaunchScreen.storyboard; sourceTree = "<group>"; };
		D95D68F325AA171100F4124A /* GuiaBolso.app */ = {isa = PBXFileReference; explicitFileType = wrapper.application; includeInIndex = 0; path = GuiaBolso.app; sourceTree = BUILT_PRODUCTS_DIR; };
		D95D68F625AA171100F4124A /* AppDelegate.swift */ = {isa = PBXFileReference; lastKnownFileType = sourcecode.swift; path = AppDelegate.swift; sourceTree = "<group>"; };
		D95D68F825AA171200F4124A /* SceneDelegate.swift */ = {isa = PBXFileReference; lastKnownFileType = sourcecode.swift; path = SceneDelegate.swift; sourceTree = "<group>"; };
		D95D68FA25AA171200F4124A /* ViewController.swift */ = {isa = PBXFileReference; lastKnownFileType = sourcecode.swift; path = ViewController.swift; sourceTree = "<group>"; };
		D95D690025AA171200F4124A /* GuiaBolso.xcdatamodel */ = {isa = PBXFileReference; lastKnownFileType = wrapper.xcdatamodel; path = GuiaBolso.xcdatamodel; sourceTree = "<group>"; };
		D95D690225AA171400F4124A /* Assets.xcassets */ = {isa = PBXFileReference; lastKnownFileType = folder.assetcatalog; path = Assets.xcassets; sourceTree = "<group>"; };
		D95D690725AA171400F4124A /* Info.plist */ = {isa = PBXFileReference; lastKnownFileType = text.plist.xml; path = Info.plist; sourceTree = "<group>"; };
		D95D690C25AA171400F4124A /* GuiaBolsoTests.xctest */ = {isa = PBXFileReference; explicitFileType = wrapper.cfbundle; includeInIndex = 0; path = GuiaBolsoTests.xctest; sourceTree = BUILT_PRODUCTS_DIR; };
		D95D691025AA171400F4124A /* GuiaBolsoTests.swift */ = {isa = PBXFileReference; lastKnownFileType = sourcecode.swift; path = GuiaBolsoTests.swift; sourceTree = "<group>"; };
		D95D691225AA171400F4124A /* Info.plist */ = {isa = PBXFileReference; lastKnownFileType = text.plist.xml; path = Info.plist; sourceTree = "<group>"; };
		D95D691725AA171400F4124A /* GuiaBolsoUITests.xctest */ = {isa = PBXFileReference; explicitFileType = wrapper.cfbundle; includeInIndex = 0; path = GuiaBolsoUITests.xctest; sourceTree = BUILT_PRODUCTS_DIR; };
		D95D691B25AA171400F4124A /* GuiaBolsoUITests.swift */ = {isa = PBXFileReference; lastKnownFileType = sourcecode.swift; path = GuiaBolsoUITests.swift; sourceTree = "<group>"; };
		D95D691D25AA171400F4124A /* Info.plist */ = {isa = PBXFileReference; lastKnownFileType = text.plist.xml; path = Info.plist; sourceTree = "<group>"; };
		D95D693625AA234900F4124A /* Coordinator.swift */ = {isa = PBXFileReference; lastKnownFileType = sourcecode.swift; path = Coordinator.swift; sourceTree = "<group>"; };
		D95D693E25AA242500F4124A /* CategorySelectorService.swift */ = {isa = PBXFileReference; lastKnownFileType = sourcecode.swift; path = CategorySelectorService.swift; sourceTree = "<group>"; };
		D95D694725AA250F00F4124A /* NetworkService.swift */ = {isa = PBXFileReference; lastKnownFileType = sourcecode.swift; path = NetworkService.swift; sourceTree = "<group>"; };
		D95D694F25AA259300F4124A /* RequestError.swift */ = {isa = PBXFileReference; lastKnownFileType = sourcecode.swift; path = RequestError.swift; sourceTree = "<group>"; };
		D95D695425AA268300F4124A /* ChucknorrisAPI.swift */ = {isa = PBXFileReference; lastKnownFileType = sourcecode.swift; path = ChucknorrisAPI.swift; sourceTree = "<group>"; };
		D95D695925AA282B00F4124A /* RequestManager.swift */ = {isa = PBXFileReference; lastKnownFileType = sourcecode.swift; path = RequestManager.swift; sourceTree = "<group>"; };
		D95D695F25AA299D00F4124A /* ErrorHandler.swift */ = {isa = PBXFileReference; lastKnownFileType = sourcecode.swift; path = ErrorHandler.swift; sourceTree = "<group>"; };
		D95D696925AA29DE00F4124A /* UIAlert+Extension.swift */ = {isa = PBXFileReference; lastKnownFileType = sourcecode.swift; path = "UIAlert+Extension.swift"; sourceTree = "<group>"; };
/* End PBXFileReference section */

/* Begin PBXFrameworksBuildPhase section */
		D95D68F025AA171100F4124A /* Frameworks */ = {
			isa = PBXFrameworksBuildPhase;
			buildActionMask = 2147483647;
			files = (
			);
			runOnlyForDeploymentPostprocessing = 0;
		};
		D95D690925AA171400F4124A /* Frameworks */ = {
			isa = PBXFrameworksBuildPhase;
			buildActionMask = 2147483647;
			files = (
			);
			runOnlyForDeploymentPostprocessing = 0;
		};
		D95D691425AA171400F4124A /* Frameworks */ = {
			isa = PBXFrameworksBuildPhase;
			buildActionMask = 2147483647;
			files = (
			);
			runOnlyForDeploymentPostprocessing = 0;
		};
/* End PBXFrameworksBuildPhase section */

/* Begin PBXGroup section */
		D95D68EA25AA171100F4124A = {
			isa = PBXGroup;
			children = (
				D95D68F525AA171100F4124A /* GuiaBolso */,
				D95D690F25AA171400F4124A /* GuiaBolsoTests */,
				D95D691A25AA171400F4124A /* GuiaBolsoUITests */,
				D95D68F425AA171100F4124A /* Products */,
			);
			sourceTree = "<group>";
		};
		D95D68F425AA171100F4124A /* Products */ = {
			isa = PBXGroup;
			children = (
				D95D68F325AA171100F4124A /* GuiaBolso.app */,
				D95D690C25AA171400F4124A /* GuiaBolsoTests.xctest */,
				D95D691725AA171400F4124A /* GuiaBolsoUITests.xctest */,
			);
			name = Products;
			sourceTree = "<group>";
		};
		D95D68F525AA171100F4124A /* GuiaBolso */ = {
			isa = PBXGroup;
			children = (
				D95D696725AA29C100F4124A /* Helper */,
				D95D693025AA1EBD00F4124A /* Source */,
				D95D692F25AA1EA800F4124A /* App */,
				D95D690225AA171400F4124A /* Assets.xcassets */,
				D9252A2F25AA2ED900B3A1A9 /* LaunchScreen.storyboard */,
				D95D690725AA171400F4124A /* Info.plist */,
				D95D68FF25AA171200F4124A /* GuiaBolso.xcdatamodeld */,
			);
			path = GuiaBolso;
			sourceTree = "<group>";
		};
		D95D690F25AA171400F4124A /* GuiaBolsoTests */ = {
			isa = PBXGroup;
			children = (
				D95D691025AA171400F4124A /* GuiaBolsoTests.swift */,
				D95D691225AA171400F4124A /* Info.plist */,
			);
			path = GuiaBolsoTests;
			sourceTree = "<group>";
		};
		D95D691A25AA171400F4124A /* GuiaBolsoUITests */ = {
			isa = PBXGroup;
			children = (
				D95D691B25AA171400F4124A /* GuiaBolsoUITests.swift */,
				D95D691D25AA171400F4124A /* Info.plist */,
			);
			path = GuiaBolsoUITests;
			sourceTree = "<group>";
		};
		D95D692F25AA1EA800F4124A /* App */ = {
			isa = PBXGroup;
			children = (
				D95D68F625AA171100F4124A /* AppDelegate.swift */,
				D95D68F825AA171200F4124A /* SceneDelegate.swift */,
			);
			path = App;
			sourceTree = "<group>";
		};
		D95D693025AA1EBD00F4124A /* Source */ = {
			isa = PBXGroup;
			children = (
				D95D695E25AA298000F4124A /* Error Handling */,
				D95D694625AA24F700F4124A /* Network */,
				D95D693525AA233A00F4124A /* Coordinator */,
				D95D693425AA1EEC00F4124A /* View Controller */,
				D95D693325AA1EE000F4124A /* Model */,
				D95D693225AA1ED600F4124A /* Views */,
				D95D693125AA1EC900F4124A /* View Model */,
			);
			path = Source;
			sourceTree = "<group>";
		};
		D95D693125AA1EC900F4124A /* View Model */ = {
			isa = PBXGroup;
			children = (
			);
			path = "View Model";
			sourceTree = "<group>";
		};
		D95D693225AA1ED600F4124A /* Views */ = {
			isa = PBXGroup;
			children = (
			);
			path = Views;
			sourceTree = "<group>";
		};
		D95D693325AA1EE000F4124A /* Model */ = {
			isa = PBXGroup;
			children = (
			);
			path = Model;
			sourceTree = "<group>";
		};
		D95D693425AA1EEC00F4124A /* View Controller */ = {
			isa = PBXGroup;
			children = (
				D95D68FA25AA171200F4124A /* ViewController.swift */,
			);
			path = "View Controller";
			sourceTree = "<group>";
		};
		D95D693525AA233A00F4124A /* Coordinator */ = {
			isa = PBXGroup;
			children = (
				D95D693625AA234900F4124A /* Coordinator.swift */,
				D95D693E25AA242500F4124A /* CategorySelectorService.swift */,
			);
			path = Coordinator;
			sourceTree = "<group>";
		};
		D95D694625AA24F700F4124A /* Network */ = {
			isa = PBXGroup;
			children = (
				D95D697125AA2A3800F4124A /* Protocols */,
				D95D694F25AA259300F4124A /* RequestError.swift */,
				D95D695425AA268300F4124A /* ChucknorrisAPI.swift */,
				D95D695925AA282B00F4124A /* RequestManager.swift */,
			);
			path = Network;
			sourceTree = "<group>";
		};
		D95D695E25AA298000F4124A /* Error Handling */ = {
			isa = PBXGroup;
			children = (
				D95D695F25AA299D00F4124A /* ErrorHandler.swift */,
			);
			path = "Error Handling";
			sourceTree = "<group>";
		};
		D95D696725AA29C100F4124A /* Helper */ = {
			isa = PBXGroup;
			children = (
				D95D696825AA29CE00F4124A /* Extensions */,
			);
			path = Helper;
			sourceTree = "<group>";
		};
		D95D696825AA29CE00F4124A /* Extensions */ = {
			isa = PBXGroup;
			children = (
				D95D696925AA29DE00F4124A /* UIAlert+Extension.swift */,
				D9252A2425AA2B2B00B3A1A9 /* URLSession+Extension.swift */,
			);
			path = Extensions;
			sourceTree = "<group>";
		};
		D95D697125AA2A3800F4124A /* Protocols */ = {
			isa = PBXGroup;
			children = (
				D95D694725AA250F00F4124A /* NetworkService.swift */,
			);
			path = Protocols;
			sourceTree = "<group>";
		};
/* End PBXGroup section */

/* Begin PBXNativeTarget section */
		D95D68F225AA171100F4124A /* GuiaBolso */ = {
			isa = PBXNativeTarget;
			buildConfigurationList = D95D692025AA171400F4124A /* Build configuration list for PBXNativeTarget "GuiaBolso" */;
			buildPhases = (
				D95D68EF25AA171100F4124A /* Sources */,
				D95D68F025AA171100F4124A /* Frameworks */,
				D95D68F125AA171100F4124A /* Resources */,
			);
			buildRules = (
			);
			dependencies = (
			);
			name = GuiaBolso;
			productName = GuiaBolso;
			productReference = D95D68F325AA171100F4124A /* GuiaBolso.app */;
			productType = "com.apple.product-type.application";
		};
		D95D690B25AA171400F4124A /* GuiaBolsoTests */ = {
			isa = PBXNativeTarget;
			buildConfigurationList = D95D692325AA171400F4124A /* Build configuration list for PBXNativeTarget "GuiaBolsoTests" */;
			buildPhases = (
				D95D690825AA171400F4124A /* Sources */,
				D95D690925AA171400F4124A /* Frameworks */,
				D95D690A25AA171400F4124A /* Resources */,
			);
			buildRules = (
			);
			dependencies = (
				D95D690E25AA171400F4124A /* PBXTargetDependency */,
			);
			name = GuiaBolsoTests;
			productName = GuiaBolsoTests;
			productReference = D95D690C25AA171400F4124A /* GuiaBolsoTests.xctest */;
			productType = "com.apple.product-type.bundle.unit-test";
		};
		D95D691625AA171400F4124A /* GuiaBolsoUITests */ = {
			isa = PBXNativeTarget;
			buildConfigurationList = D95D692625AA171400F4124A /* Build configuration list for PBXNativeTarget "GuiaBolsoUITests" */;
			buildPhases = (
				D95D691325AA171400F4124A /* Sources */,
				D95D691425AA171400F4124A /* Frameworks */,
				D95D691525AA171400F4124A /* Resources */,
			);
			buildRules = (
			);
			dependencies = (
				D95D691925AA171400F4124A /* PBXTargetDependency */,
			);
			name = GuiaBolsoUITests;
			productName = GuiaBolsoUITests;
			productReference = D95D691725AA171400F4124A /* GuiaBolsoUITests.xctest */;
			productType = "com.apple.product-type.bundle.ui-testing";
		};
/* End PBXNativeTarget section */

/* Begin PBXProject section */
		D95D68EB25AA171100F4124A /* Project object */ = {
			isa = PBXProject;
			attributes = {
				LastSwiftUpdateCheck = 1220;
				LastUpgradeCheck = 1220;
				TargetAttributes = {
					D95D68F225AA171100F4124A = {
						CreatedOnToolsVersion = 12.2;
					};
					D95D690B25AA171400F4124A = {
						CreatedOnToolsVersion = 12.2;
						TestTargetID = D95D68F225AA171100F4124A;
					};
					D95D691625AA171400F4124A = {
						CreatedOnToolsVersion = 12.2;
						TestTargetID = D95D68F225AA171100F4124A;
					};
				};
			};
			buildConfigurationList = D95D68EE25AA171100F4124A /* Build configuration list for PBXProject "GuiaBolso" */;
			compatibilityVersion = "Xcode 9.3";
			developmentRegion = en;
			hasScannedForEncodings = 0;
			knownRegions = (
				en,
				Base,
			);
			mainGroup = D95D68EA25AA171100F4124A;
			productRefGroup = D95D68F425AA171100F4124A /* Products */;
			projectDirPath = "";
			projectRoot = "";
			targets = (
				D95D68F225AA171100F4124A /* GuiaBolso */,
				D95D690B25AA171400F4124A /* GuiaBolsoTests */,
				D95D691625AA171400F4124A /* GuiaBolsoUITests */,
			);
		};
/* End PBXProject section */

/* Begin PBXResourcesBuildPhase section */
		D95D68F125AA171100F4124A /* Resources */ = {
			isa = PBXResourcesBuildPhase;
			buildActionMask = 2147483647;
			files = (
				D9252A3025AA2ED900B3A1A9 /* LaunchScreen.storyboard in Resources */,
				D95D690325AA171400F4124A /* Assets.xcassets in Resources */,
			);
			runOnlyForDeploymentPostprocessing = 0;
		};
		D95D690A25AA171400F4124A /* Resources */ = {
			isa = PBXResourcesBuildPhase;
			buildActionMask = 2147483647;
			files = (
			);
			runOnlyForDeploymentPostprocessing = 0;
		};
		D95D691525AA171400F4124A /* Resources */ = {
			isa = PBXResourcesBuildPhase;
			buildActionMask = 2147483647;
			files = (
			);
			runOnlyForDeploymentPostprocessing = 0;
		};
/* End PBXResourcesBuildPhase section */

/* Begin PBXSourcesBuildPhase section */
		D95D68EF25AA171100F4124A /* Sources */ = {
			isa = PBXSourcesBuildPhase;
			buildActionMask = 2147483647;
			files = (
				D95D696A25AA29DE00F4124A /* UIAlert+Extension.swift in Sources */,
				D95D695025AA259300F4124A /* RequestError.swift in Sources */,
				D95D693F25AA242500F4124A /* CategorySelectorService.swift in Sources */,
				D95D68FB25AA171200F4124A /* ViewController.swift in Sources */,
				D95D68F725AA171100F4124A /* AppDelegate.swift in Sources */,
				D95D696025AA299D00F4124A /* ErrorHandler.swift in Sources */,
				D95D693725AA234900F4124A /* Coordinator.swift in Sources */,
				D95D695A25AA282B00F4124A /* RequestManager.swift in Sources */,
				D95D68F925AA171200F4124A /* SceneDelegate.swift in Sources */,
				D95D695525AA268300F4124A /* ChucknorrisAPI.swift in Sources */,
				D9252A2525AA2B2B00B3A1A9 /* URLSession+Extension.swift in Sources */,
				D95D690125AA171200F4124A /* GuiaBolso.xcdatamodeld in Sources */,
				D95D694825AA250F00F4124A /* NetworkService.swift in Sources */,
			);
			runOnlyForDeploymentPostprocessing = 0;
		};
		D95D690825AA171400F4124A /* Sources */ = {
			isa = PBXSourcesBuildPhase;
			buildActionMask = 2147483647;
			files = (
				D95D691125AA171400F4124A /* GuiaBolsoTests.swift in Sources */,
			);
			runOnlyForDeploymentPostprocessing = 0;
		};
		D95D691325AA171400F4124A /* Sources */ = {
			isa = PBXSourcesBuildPhase;
			buildActionMask = 2147483647;
			files = (
				D95D691C25AA171400F4124A /* GuiaBolsoUITests.swift in Sources */,
			);
			runOnlyForDeploymentPostprocessing = 0;
		};
/* End PBXSourcesBuildPhase section */

/* Begin PBXTargetDependency section */
		D95D690E25AA171400F4124A /* PBXTargetDependency */ = {
			isa = PBXTargetDependency;
			target = D95D68F225AA171100F4124A /* GuiaBolso */;
			targetProxy = D95D690D25AA171400F4124A /* PBXContainerItemProxy */;
		};
		D95D691925AA171400F4124A /* PBXTargetDependency */ = {
			isa = PBXTargetDependency;
			target = D95D68F225AA171100F4124A /* GuiaBolso */;
			targetProxy = D95D691825AA171400F4124A /* PBXContainerItemProxy */;
		};
/* End PBXTargetDependency section */

/* Begin XCBuildConfiguration section */
		D95D691E25AA171400F4124A /* Debug */ = {
			isa = XCBuildConfiguration;
			buildSettings = {
				ALWAYS_SEARCH_USER_PATHS = NO;
				CLANG_ANALYZER_NONNULL = YES;
				CLANG_ANALYZER_NUMBER_OBJECT_CONVERSION = YES_AGGRESSIVE;
				CLANG_CXX_LANGUAGE_STANDARD = "gnu++14";
				CLANG_CXX_LIBRARY = "libc++";
				CLANG_ENABLE_MODULES = YES;
				CLANG_ENABLE_OBJC_ARC = YES;
				CLANG_ENABLE_OBJC_WEAK = YES;
				CLANG_WARN_BLOCK_CAPTURE_AUTORELEASING = YES;
				CLANG_WARN_BOOL_CONVERSION = YES;
				CLANG_WARN_COMMA = YES;
				CLANG_WARN_CONSTANT_CONVERSION = YES;
				CLANG_WARN_DEPRECATED_OBJC_IMPLEMENTATIONS = YES;
				CLANG_WARN_DIRECT_OBJC_ISA_USAGE = YES_ERROR;
				CLANG_WARN_DOCUMENTATION_COMMENTS = YES;
				CLANG_WARN_EMPTY_BODY = YES;
				CLANG_WARN_ENUM_CONVERSION = YES;
				CLANG_WARN_INFINITE_RECURSION = YES;
				CLANG_WARN_INT_CONVERSION = YES;
				CLANG_WARN_NON_LITERAL_NULL_CONVERSION = YES;
				CLANG_WARN_OBJC_IMPLICIT_RETAIN_SELF = YES;
				CLANG_WARN_OBJC_LITERAL_CONVERSION = YES;
				CLANG_WARN_OBJC_ROOT_CLASS = YES_ERROR;
				CLANG_WARN_QUOTED_INCLUDE_IN_FRAMEWORK_HEADER = YES;
				CLANG_WARN_RANGE_LOOP_ANALYSIS = YES;
				CLANG_WARN_STRICT_PROTOTYPES = YES;
				CLANG_WARN_SUSPICIOUS_MOVE = YES;
				CLANG_WARN_UNGUARDED_AVAILABILITY = YES_AGGRESSIVE;
				CLANG_WARN_UNREACHABLE_CODE = YES;
				CLANG_WARN__DUPLICATE_METHOD_MATCH = YES;
				COPY_PHASE_STRIP = NO;
				DEBUG_INFORMATION_FORMAT = dwarf;
				ENABLE_STRICT_OBJC_MSGSEND = YES;
				ENABLE_TESTABILITY = YES;
				GCC_C_LANGUAGE_STANDARD = gnu11;
				GCC_DYNAMIC_NO_PIC = NO;
				GCC_NO_COMMON_BLOCKS = YES;
				GCC_OPTIMIZATION_LEVEL = 0;
				GCC_PREPROCESSOR_DEFINITIONS = (
					"DEBUG=1",
					"$(inherited)",
				);
				GCC_WARN_64_TO_32_BIT_CONVERSION = YES;
				GCC_WARN_ABOUT_RETURN_TYPE = YES_ERROR;
				GCC_WARN_UNDECLARED_SELECTOR = YES;
				GCC_WARN_UNINITIALIZED_AUTOS = YES_AGGRESSIVE;
				GCC_WARN_UNUSED_FUNCTION = YES;
				GCC_WARN_UNUSED_VARIABLE = YES;
				IPHONEOS_DEPLOYMENT_TARGET = 14.2;
				MTL_ENABLE_DEBUG_INFO = INCLUDE_SOURCE;
				MTL_FAST_MATH = YES;
				ONLY_ACTIVE_ARCH = YES;
				SDKROOT = iphoneos;
				SWIFT_ACTIVE_COMPILATION_CONDITIONS = DEBUG;
				SWIFT_OPTIMIZATION_LEVEL = "-Onone";
			};
			name = Debug;
		};
		D95D691F25AA171400F4124A /* Release */ = {
			isa = XCBuildConfiguration;
			buildSettings = {
				ALWAYS_SEARCH_USER_PATHS = NO;
				CLANG_ANALYZER_NONNULL = YES;
				CLANG_ANALYZER_NUMBER_OBJECT_CONVERSION = YES_AGGRESSIVE;
				CLANG_CXX_LANGUAGE_STANDARD = "gnu++14";
				CLANG_CXX_LIBRARY = "libc++";
				CLANG_ENABLE_MODULES = YES;
				CLANG_ENABLE_OBJC_ARC = YES;
				CLANG_ENABLE_OBJC_WEAK = YES;
				CLANG_WARN_BLOCK_CAPTURE_AUTORELEASING = YES;
				CLANG_WARN_BOOL_CONVERSION = YES;
				CLANG_WARN_COMMA = YES;
				CLANG_WARN_CONSTANT_CONVERSION = YES;
				CLANG_WARN_DEPRECATED_OBJC_IMPLEMENTATIONS = YES;
				CLANG_WARN_DIRECT_OBJC_ISA_USAGE = YES_ERROR;
				CLANG_WARN_DOCUMENTATION_COMMENTS = YES;
				CLANG_WARN_EMPTY_BODY = YES;
				CLANG_WARN_ENUM_CONVERSION = YES;
				CLANG_WARN_INFINITE_RECURSION = YES;
				CLANG_WARN_INT_CONVERSION = YES;
				CLANG_WARN_NON_LITERAL_NULL_CONVERSION = YES;
				CLANG_WARN_OBJC_IMPLICIT_RETAIN_SELF = YES;
				CLANG_WARN_OBJC_LITERAL_CONVERSION = YES;
				CLANG_WARN_OBJC_ROOT_CLASS = YES_ERROR;
				CLANG_WARN_QUOTED_INCLUDE_IN_FRAMEWORK_HEADER = YES;
				CLANG_WARN_RANGE_LOOP_ANALYSIS = YES;
				CLANG_WARN_STRICT_PROTOTYPES = YES;
				CLANG_WARN_SUSPICIOUS_MOVE = YES;
				CLANG_WARN_UNGUARDED_AVAILABILITY = YES_AGGRESSIVE;
				CLANG_WARN_UNREACHABLE_CODE = YES;
				CLANG_WARN__DUPLICATE_METHOD_MATCH = YES;
				COPY_PHASE_STRIP = NO;
				DEBUG_INFORMATION_FORMAT = "dwarf-with-dsym";
				ENABLE_NS_ASSERTIONS = NO;
				ENABLE_STRICT_OBJC_MSGSEND = YES;
				GCC_C_LANGUAGE_STANDARD = gnu11;
				GCC_NO_COMMON_BLOCKS = YES;
				GCC_WARN_64_TO_32_BIT_CONVERSION = YES;
				GCC_WARN_ABOUT_RETURN_TYPE = YES_ERROR;
				GCC_WARN_UNDECLARED_SELECTOR = YES;
				GCC_WARN_UNINITIALIZED_AUTOS = YES_AGGRESSIVE;
				GCC_WARN_UNUSED_FUNCTION = YES;
				GCC_WARN_UNUSED_VARIABLE = YES;
				IPHONEOS_DEPLOYMENT_TARGET = 14.2;
				MTL_ENABLE_DEBUG_INFO = NO;
				MTL_FAST_MATH = YES;
				SDKROOT = iphoneos;
				SWIFT_COMPILATION_MODE = wholemodule;
				SWIFT_OPTIMIZATION_LEVEL = "-O";
				VALIDATE_PRODUCT = YES;
			};
			name = Release;
		};
		D95D692125AA171400F4124A /* Debug */ = {
			isa = XCBuildConfiguration;
			buildSettings = {
				ASSETCATALOG_COMPILER_APPICON_NAME = AppIcon;
				ASSETCATALOG_COMPILER_GLOBAL_ACCENT_COLOR_NAME = AccentColor;
				CODE_SIGN_STYLE = Automatic;
				DEVELOPMENT_TEAM = Q9Y63W6Q4X;
				INFOPLIST_FILE = GuiaBolso/Info.plist;
				LD_RUNPATH_SEARCH_PATHS = (
					"$(inherited)",
					"@executable_path/Frameworks",
				);
				PRODUCT_BUNDLE_IDENTIFIER = com.guedes.GuiaBolso;
				PRODUCT_NAME = "$(TARGET_NAME)";
				SWIFT_VERSION = 5.0;
				TARGETED_DEVICE_FAMILY = "1,2";
			};
			name = Debug;
		};
		D95D692225AA171400F4124A /* Release */ = {
			isa = XCBuildConfiguration;
			buildSettings = {
				ASSETCATALOG_COMPILER_APPICON_NAME = AppIcon;
				ASSETCATALOG_COMPILER_GLOBAL_ACCENT_COLOR_NAME = AccentColor;
				CODE_SIGN_STYLE = Automatic;
				DEVELOPMENT_TEAM = Q9Y63W6Q4X;
				INFOPLIST_FILE = GuiaBolso/Info.plist;
				LD_RUNPATH_SEARCH_PATHS = (
					"$(inherited)",
					"@executable_path/Frameworks",
				);
				PRODUCT_BUNDLE_IDENTIFIER = com.guedes.GuiaBolso;
				PRODUCT_NAME = "$(TARGET_NAME)";
				SWIFT_VERSION = 5.0;
				TARGETED_DEVICE_FAMILY = "1,2";
			};
			name = Release;
		};
		D95D692425AA171400F4124A /* Debug */ = {
			isa = XCBuildConfiguration;
			buildSettings = {
				ALWAYS_EMBED_SWIFT_STANDARD_LIBRARIES = YES;
				BUNDLE_LOADER = "$(TEST_HOST)";
				CODE_SIGN_STYLE = Automatic;
				DEVELOPMENT_TEAM = Q9Y63W6Q4X;
				INFOPLIST_FILE = GuiaBolsoTests/Info.plist;
				IPHONEOS_DEPLOYMENT_TARGET = 14.2;
				LD_RUNPATH_SEARCH_PATHS = (
					"$(inherited)",
					"@executable_path/Frameworks",
					"@loader_path/Frameworks",
				);
				PRODUCT_BUNDLE_IDENTIFIER = com.guedes.GuiaBolsoTests;
				PRODUCT_NAME = "$(TARGET_NAME)";
				SWIFT_VERSION = 5.0;
				TARGETED_DEVICE_FAMILY = "1,2";
				TEST_HOST = "$(BUILT_PRODUCTS_DIR)/GuiaBolso.app/GuiaBolso";
			};
			name = Debug;
		};
		D95D692525AA171400F4124A /* Release */ = {
			isa = XCBuildConfiguration;
			buildSettings = {
				ALWAYS_EMBED_SWIFT_STANDARD_LIBRARIES = YES;
				BUNDLE_LOADER = "$(TEST_HOST)";
				CODE_SIGN_STYLE = Automatic;
				DEVELOPMENT_TEAM = Q9Y63W6Q4X;
				INFOPLIST_FILE = GuiaBolsoTests/Info.plist;
				IPHONEOS_DEPLOYMENT_TARGET = 14.2;
				LD_RUNPATH_SEARCH_PATHS = (
					"$(inherited)",
					"@executable_path/Frameworks",
					"@loader_path/Frameworks",
				);
				PRODUCT_BUNDLE_IDENTIFIER = com.guedes.GuiaBolsoTests;
				PRODUCT_NAME = "$(TARGET_NAME)";
				SWIFT_VERSION = 5.0;
				TARGETED_DEVICE_FAMILY = "1,2";
				TEST_HOST = "$(BUILT_PRODUCTS_DIR)/GuiaBolso.app/GuiaBolso";
			};
			name = Release;
		};
		D95D692725AA171400F4124A /* Debug */ = {
			isa = XCBuildConfiguration;
			buildSettings = {
				ALWAYS_EMBED_SWIFT_STANDARD_LIBRARIES = YES;
				CODE_SIGN_STYLE = Automatic;
				DEVELOPMENT_TEAM = Q9Y63W6Q4X;
				INFOPLIST_FILE = GuiaBolsoUITests/Info.plist;
				LD_RUNPATH_SEARCH_PATHS = (
					"$(inherited)",
					"@executable_path/Frameworks",
					"@loader_path/Frameworks",
				);
				PRODUCT_BUNDLE_IDENTIFIER = com.guedes.GuiaBolsoUITests;
				PRODUCT_NAME = "$(TARGET_NAME)";
				SWIFT_VERSION = 5.0;
				TARGETED_DEVICE_FAMILY = "1,2";
				TEST_TARGET_NAME = GuiaBolso;
			};
			name = Debug;
		};
		D95D692825AA171400F4124A /* Release */ = {
			isa = XCBuildConfiguration;
			buildSettings = {
				ALWAYS_EMBED_SWIFT_STANDARD_LIBRARIES = YES;
				CODE_SIGN_STYLE = Automatic;
				DEVELOPMENT_TEAM = Q9Y63W6Q4X;
				INFOPLIST_FILE = GuiaBolsoUITests/Info.plist;
				LD_RUNPATH_SEARCH_PATHS = (
					"$(inherited)",
					"@executable_path/Frameworks",
					"@loader_path/Frameworks",
				);
				PRODUCT_BUNDLE_IDENTIFIER = com.guedes.GuiaBolsoUITests;
				PRODUCT_NAME = "$(TARGET_NAME)";
				SWIFT_VERSION = 5.0;
				TARGETED_DEVICE_FAMILY = "1,2";
				TEST_TARGET_NAME = GuiaBolso;
			};
			name = Release;
		};
/* End XCBuildConfiguration section */

/* Begin XCConfigurationList section */
		D95D68EE25AA171100F4124A /* Build configuration list for PBXProject "GuiaBolso" */ = {
			isa = XCConfigurationList;
			buildConfigurations = (
				D95D691E25AA171400F4124A /* Debug */,
				D95D691F25AA171400F4124A /* Release */,
			);
			defaultConfigurationIsVisible = 0;
			defaultConfigurationName = Release;
		};
		D95D692025AA171400F4124A /* Build configuration list for PBXNativeTarget "GuiaBolso" */ = {
			isa = XCConfigurationList;
			buildConfigurations = (
				D95D692125AA171400F4124A /* Debug */,
				D95D692225AA171400F4124A /* Release */,
			);
			defaultConfigurationIsVisible = 0;
			defaultConfigurationName = Release;
		};
		D95D692325AA171400F4124A /* Build configuration list for PBXNativeTarget "GuiaBolsoTests" */ = {
			isa = XCConfigurationList;
			buildConfigurations = (
				D95D692425AA171400F4124A /* Debug */,
				D95D692525AA171400F4124A /* Release */,
			);
			defaultConfigurationIsVisible = 0;
			defaultConfigurationName = Release;
		};
		D95D692625AA171400F4124A /* Build configuration list for PBXNativeTarget "GuiaBolsoUITests" */ = {
			isa = XCConfigurationList;
			buildConfigurations = (
				D95D692725AA171400F4124A /* Debug */,
				D95D692825AA171400F4124A /* Release */,
			);
			defaultConfigurationIsVisible = 0;
			defaultConfigurationName = Release;
		};
/* End XCConfigurationList section */

/* Begin XCVersionGroup section */
		D95D68FF25AA171200F4124A /* GuiaBolso.xcdatamodeld */ = {
			isa = XCVersionGroup;
			children = (
				D95D690025AA171200F4124A /* GuiaBolso.xcdatamodel */,
			);
			currentVersion = D95D690025AA171200F4124A /* GuiaBolso.xcdatamodel */;
			path = GuiaBolso.xcdatamodeld;
			sourceTree = "<group>";
			versionGroupType = wrapper.xcdatamodel;
		};
/* End XCVersionGroup section */
	};
	rootObject = D95D68EB25AA171100F4124A /* Project object */;
}
